Microsoft Visual Studio Solution File, Format Version 12.00
# Visual Studio 2012
Project("{FAE04EC0-301F-11D3-BF4B-00C04F79EFBC}") = "Godot 4.4.1  Dungeon 2.5 D RPG Course", "Godot 4.4.1  Dungeon 2.5 D RPG Course.csproj", "{F4B81E71-CF9C-4C4F-9251-B3E62D7BB19E}"
EndProject
Global
	GlobalSection(SolutionConfigurationPlatforms) = preSolution
	Debug|Any CPU = Debug|Any CPU
	ExportDebug|Any CPU = ExportDebug|Any CPU
	ExportRelease|Any CPU = ExportRelease|Any CPU
	EndGlobalSection
	GlobalSection(ProjectConfigurationPlatforms) = postSolution
		{F4B81E71-CF9C-4C4F-9251-B3E62D7BB19E}.Debug|Any CPU.ActiveCfg = Debug|Any CPU
		{F4B81E71-CF9C-4C4F-9251-B3E62D7BB19E}.Debug|Any CPU.Build.0 = Debug|Any CPU
		{F4B81E71-CF9C-4C4F-9251-B3E62D7BB19E}.ExportDebug|Any CPU.ActiveCfg = ExportDebug|Any CPU
		{F4B81E71-CF9C-4C4F-9251-B3E62D7BB19E}.ExportDebug|Any CPU.Build.0 = ExportDebug|Any CPU
		{F4B81E71-CF9C-4C4F-9251-B3E62D7BB19E}.ExportRelease|Any CPU.ActiveCfg = ExportRelease|Any CPU
		{F4B81E71-CF9C-4C4F-9251-B3E62D7BB19E}.ExportRelease|Any CPU.Build.0 = ExportRelease|Any CPU
	EndGlobalSection
EndGlobal
